// !$*UTF8*$!
{
	archiveVersion = 1;
	classes = {
	};
	objectVersion = 44;
	objects = {

/* Begin PBXAggregateTarget section */
		D39278DF0821FFA400376676 /* ManOpen (Aggregate) */ = {
			isa = PBXAggregateTarget;
			buildConfigurationList = F4F38FFC0E26AAF2006DDFA8 /* Build configuration list for PBXAggregateTarget "ManOpen (Aggregate)" */;
			buildPhases = (
				D39279740821FFA400376676 /* CopyFiles */,
			);
			dependencies = (
				D39278F00821FFA400376676 /* PBXTargetDependency */,
			);
			name = "ManOpen (Aggregate)";
			productName = "ManOpen (Aggregate)";
		};
/* End PBXAggregateTarget section */

/* Begin PBXApplicationTarget section */
		D39278EB0821FFA400376676 /* ManOpen (Application) */ = {
			isa = PBXApplicationTarget;
			buildConfigurationList = F4F38FFA0E26AAF2006DDFA8 /* Build configuration list for PBXApplicationTarget "ManOpen (Application)" */;
			buildPhases = (
				D39278E60821FFA400376676 /* Headers */,
				D39278E70821FFA400376676 /* Resources */,
				D39278E80821FFA400376676 /* Sources */,
				D39278E90821FFA400376676 /* Frameworks */,
				D39278EA0821FFA400376676 /* Rez */,
				D392794D0821FFA400376676 /* CopyFiles */,
			);
			dependencies = (
				D392794C0821FFA400376676 /* PBXTargetDependency */,
				D39279600821FFA400376676 /* PBXTargetDependency */,
			);
			name = "ManOpen (Application)";
			productInstallPath = "$(HOME)/Apps";
			productName = "ManOpen (Application)";
			productReference = D39278EC0821FFA400376676 /* ManOpen.app */;
			productSettingsXML = "<?xml version=\"1.0\" encoding=\"UTF-8\"?>
<!DOCTYPE plist PUBLIC \"-//Apple//DTD PLIST 1.0//EN\" \"http://www.apple.com/DTDs/PropertyList-1.0.dtd\">
<plist version=\"1.0\">
<dict>
	<key>CFBundleDevelopmentRegion</key>
	<string>English</string>
	<key>CFBundleDocumentTypes</key>
	<array>
		<dict>
			<key>CFBundleTypeExtensions</key>
			<array>
				<string>man</string>
			</array>
			<key>CFBundleTypeIconFile</key>
			<string>ManOpen.icns</string>
			<key>CFBundleTypeName</key>
			<string>man</string>
			<key>CFBundleTypeRole</key>
			<string>Viewer</string>
			<key>NSDocumentClass</key>
			<string>ManDocument</string>
		</dict>
		<dict>
			<key>CFBundleTypeExtensions</key>
			<array>
				<string>cat</string>
			</array>
			<key>CFBundleTypeIconFile</key>
			<string>ManOpen.icns</string>
			<key>CFBundleTypeName</key>
			<string>cat</string>
			<key>CFBundleTypeRole</key>
			<string>Viewer</string>
			<key>NSDocumentClass</key>
			<string>ManDocument</string>
		</dict>
		<dict>
			<key>CFBundleTypeIconFile</key>
			<string>ManOpen.icns</string>
			<key>CFBundleTypeName</key>
			<string>mangz</string>
			<key>CFBundleTypeRole</key>
			<string>Viewer</string>
			<key>NSDocumentClass</key>
			<string>ManDocument</string>
		</dict>
		<dict>
			<key>CFBundleTypeExtensions</key>
			<array/>
			<key>CFBundleTypeIconFile</key>
			<string>ManOpen.icns</string>
			<key>CFBundleTypeName</key>
			<string>catgz</string>
			<key>CFBundleTypeRole</key>
			<string>Viewer</string>
			<key>NSDocumentClass</key>
			<string>ManDocument</string>
		</dict>
	</array>
	<key>CFBundleExecutable</key>
	<string>ManOpen</string>
	<key>CFBundleGetInfoString</key>
	<string>ManOpen 2.5.1 (c) 2004 Carl Lindberg</string>
	<key>CFBundleIconFile</key>
	<string>ManOpen.icns</string>
	<key>CFBundleIdentifier</key>
	<string>org.clindberg.ManOpen</string>
	<key>CFBundleInfoDictionaryVersion</key>
	<string>6.0</string>
	<key>CFBundleName</key>
	<string>ManOpen</string>
	<key>CFBundlePackageType</key>
	<string>APPL</string>
	<key>CFBundleShortVersionString</key>
	<string>2.5.1</string>
	<key>CFBundleSignature</key>
	<string>????</string>
	<key>CFBundleURLTypes</key>
	<array>
		<dict>
			<key>CFBundleURLName</key>
			<string>Man Page URL</string>
			<key>CFBundleURLSchemes</key>
			<array>
				<string>x-man-page</string>
			</array>
		</dict>
	</array>
	<key>CFBundleVersion</key>
	<string>2.5.1</string>
	<key>NSAppVersion</key>
	<string>Version 2.5</string>
	<key>NSAppleScriptEnabled</key>
	<string>YES</string>
	<key>NSHumanReadableCompleteName</key>
	<string>ManOpen</string>
	<key>NSHumanReadableCopyright</key>
	<string>Copyright (c) 1999-2004 Carl Lindberg</string>
	<key>NSHumanReadableShortName</key>
	<string>ManOpen</string>
	<key>NSInfoPlistVersion</key>
	<string>5.0</string>
	<key>NSMainNibFile</key>
	<string>ManOpen.nib</string>
	<key>NSPrincipalClass</key>
	<string>NSApplication</string>
	<key>NSServices</key>
	<array>
		<dict>
			<key>NSExecutable</key>
			<string>ManOpen</string>
			<key>NSMenuItem</key>
			<dict>
				<key>default</key>
				<string>ManOpen/Open File</string>
			</dict>
			<key>NSMessage</key>
			<string>openFiles</string>
			<key>NSPortName</key>
			<string>ManOpen</string>
			<key>NSSendTypes</key>
			<array>
				<string>NSFilenamesPboardType</string>
			</array>
		</dict>
		<dict>
			<key>NSExecutable</key>
			<string>ManOpen</string>
			<key>NSKeyEquivalent</key>
			<dict>
				<key>default</key>
				<string>M</string>
			</dict>
			<key>NSMenuItem</key>
			<dict>
				<key>default</key>
				<string>ManOpen/Open Selection</string>
			</dict>
			<key>NSMessage</key>
			<string>openSelection</string>
			<key>NSPortName</key>
			<string>ManOpen</string>
			<key>NSSendTypes</key>
			<array>
				<string>NSStringPboardType</string>
			</array>
		</dict>
		<dict>
			<key>NSExecutable</key>
			<string>ManOpen</string>
			<key>NSKeyEquivalent</key>
			<dict>
				<key>default</key>
				<string>A</string>
			</dict>
			<key>NSMenuItem</key>
			<dict>
				<key>default</key>
				<string>ManOpen/Apropos</string>
			</dict>
			<key>NSMessage</key>
			<string>openApropos</string>
			<key>NSPortName</key>
			<string>ManOpen</string>
			<key>NSSendTypes</key>
			<array>
				<string>NSStringPboardType</string>
			</array>
		</dict>
	</array>
	<key>NSTypes</key>
	<array>
		<dict>
			<key>CFBundleTypeIconFile</key>
			<string>ManOpen.icns</string>
			<key>NSDOSExtensions</key>
			<array>
				<string>man</string>
			</array>
			<key>NSDocumentClass</key>
			<string>ManDocument</string>
			<key>NSHumanReadableName</key>
			<string>Man page (nroff source)</string>
			<key>NSName</key>
			<string>man</string>
			<key>NSRole</key>
			<string>Viewer</string>
			<key>NSUnixExtensions</key>
			<array>
				<string>man</string>
			</array>
		</dict>
		<dict>
			<key>CFBundleTypeIconFile</key>
			<string>ManOpen.icns</string>
			<key>NSDocumentClass</key>
			<string>ManDocument</string>
			<key>NSHumanReadableName</key>
			<string>Man page (nroff source), gzipped</string>
			<key>NSName</key>
			<string>mangz</string>
			<key>NSRole</key>
			<string>Viewer</string>
			<key>NSUnixExtensions</key>
			<array>
				<string>man.gz</string>
			</array>
		</dict>
		<dict>
			<key>CFBundleTypeIconFile</key>
			<string>ManOpen.icns</string>
			<key>NSDOSExtensions</key>
			<array>
				<string>cat</string>
			</array>
			<key>NSDocumentClass</key>
			<string>ManDocument</string>
			<key>NSHumanReadableName</key>
			<string>Cat file (plain text)</string>
			<key>NSName</key>
			<string>cat</string>
			<key>NSRole</key>
			<string>Viewer</string>
			<key>NSUnixExtensions</key>
			<array>
				<string>cat</string>
			</array>
		</dict>
		<dict>
			<key>CFBundleTypeIconFile</key>
			<string>ManOpen.icns</string>
			<key>NSDocumentClass</key>
			<string>ManDocument</string>
			<key>NSHumanReadableName</key>
			<string>Cat file (plain text), gzipped</string>
			<key>NSName</key>
			<string>catgz</string>
			<key>NSRole</key>
			<string>Viewer</string>
			<key>NSUnixExtensions</key>
			<array>
				<string>cat.gz</string>
			</array>
		</dict>
	</array>
</dict>
</plist>
";
		};
/* End PBXApplicationTarget section */

/* Begin PBXBuildFile section */
		D39278F30821FFA400376676 /* AproposDocument.m in Sources */ = {isa = PBXBuildFile; fileRef = D39278F20821FFA400376676 /* AproposDocument.m */; settings = {ATTRIBUTES = (); }; };
		D39278F50821FFA400376676 /* FindPanelController.m in Sources */ = {isa = PBXBuildFile; fileRef = D39278F40821FFA400376676 /* FindPanelController.m */; settings = {ATTRIBUTES = (); }; };
		D39278F70821FFA400376676 /* ManDocument.m in Sources */ = {isa = PBXBuildFile; fileRef = D39278F60821FFA400376676 /* ManDocument.m */; settings = {ATTRIBUTES = (); }; };
		D39278F90821FFA400376676 /* ManDocumentController.m in Sources */ = {isa = PBXBuildFile; fileRef = D39278F80821FFA400376676 /* ManDocumentController.m */; settings = {ATTRIBUTES = (); }; };
		D39278FB0821FFA400376676 /* NSData+Utils.m in Sources */ = {isa = PBXBuildFile; fileRef = D39278FA0821FFA400376676 /* NSData+Utils.m */; settings = {ATTRIBUTES = (); }; };
		D39278FD0821FFA400376676 /* PrefPanelController.m in Sources */ = {isa = PBXBuildFile; fileRef = D39278FC0821FFA400376676 /* PrefPanelController.m */; settings = {ATTRIBUTES = (); }; };
		D39279000821FFA400376676 /* AproposDocument.h in Headers */ = {isa = PBXBuildFile; fileRef = D39278FF0821FFA400376676 /* AproposDocument.h */; };
		D39279020821FFA400376676 /* FindPanelController.h in Headers */ = {isa = PBXBuildFile; fileRef = D39279010821FFA400376676 /* FindPanelController.h */; };
		D39279040821FFA400376676 /* ManDocument.h in Headers */ = {isa = PBXBuildFile; fileRef = D39279030821FFA400376676 /* ManDocument.h */; };
		D39279060821FFA400376676 /* ManDocumentController.h in Headers */ = {isa = PBXBuildFile; fileRef = D39279050821FFA400376676 /* ManDocumentController.h */; };
		D39279080821FFA400376676 /* ManOpenProtocol.h in Headers */ = {isa = PBXBuildFile; fileRef = D39279070821FFA400376676 /* ManOpenProtocol.h */; settings = {ATTRIBUTES = (Project, ); }; };
		D392790A0821FFA400376676 /* NSData+Utils.h in Headers */ = {isa = PBXBuildFile; fileRef = D39279090821FFA400376676 /* NSData+Utils.h */; };
		D392790C0821FFA400376676 /* PrefPanelController.h in Headers */ = {isa = PBXBuildFile; fileRef = D392790B0821FFA400376676 /* PrefPanelController.h */; };
		D392790E0821FFA400376676 /* SystemType.h in Headers */ = {isa = PBXBuildFile; fileRef = D392790D0821FFA400376676 /* SystemType.h */; settings = {ATTRIBUTES = (Project, ); }; };
		D39279110821FFA400376676 /* ManOpen_main.m in Sources */ = {isa = PBXBuildFile; fileRef = D39279100821FFA400376676 /* ManOpen_main.m */; settings = {ATTRIBUTES = (); }; };
		D39279140821FFA400376676 /* ManPage.nib in Resources */ = {isa = PBXBuildFile; fileRef = D39279130821FFA400376676 /* ManPage.nib */; };
		D39279170821FFA400376676 /* PrefPanel.nib in Resources */ = {isa = PBXBuildFile; fileRef = D39279160821FFA400376676 /* PrefPanel.nib */; };
		D392791A0821FFA400376676 /* FindPanel.nib in Resources */ = {isa = PBXBuildFile; fileRef = D39279190821FFA400376676 /* FindPanel.nib */; };
		D392791D0821FFA400376676 /* Apropos.nib in Resources */ = {isa = PBXBuildFile; fileRef = D392791C0821FFA400376676 /* Apropos.nib */; };
		D39279200821FFA400376676 /* ManOpen.nib in Resources */ = {isa = PBXBuildFile; fileRef = D392791F0821FFA400376676 /* ManOpen.nib */; };
		D39279250821FFA400376676 /* DocController.nib in Resources */ = {isa = PBXBuildFile; fileRef = D39279240821FFA400376676 /* DocController.nib */; };
		D39279290821FFA400376676 /* LinkCursor.tiff in Resources */ = {isa = PBXBuildFile; fileRef = D39279280821FFA400376676 /* LinkCursor.tiff */; };
		D392792B0821FFA400376676 /* ManOpen-nextstep.tiff in Resources */ = {isa = PBXBuildFile; fileRef = D392792A0821FFA400376676 /* ManOpen-nextstep.tiff */; };
		D392792D0821FFA400376676 /* ManOpen.tiff in Resources */ = {isa = PBXBuildFile; fileRef = D392792C0821FFA400376676 /* ManOpen.tiff */; };
		D39279300821FFA400376676 /* ManOpen.scriptSuite in Resources */ = {isa = PBXBuildFile; fileRef = D392792F0821FFA400376676 /* ManOpen.scriptSuite */; };
		D39279320821FFA400376676 /* ManOpen.icns in Resources */ = {isa = PBXBuildFile; fileRef = D39279310821FFA400376676 /* ManOpen.icns */; };
		D39279340821FFA400376676 /* ManOpen.scriptTerminology in Resources */ = {isa = PBXBuildFile; fileRef = D39279330821FFA400376676 /* ManOpen.scriptTerminology */; };
		D39279360821FFA400376676 /* Credits.rtf in Resources */ = {isa = PBXBuildFile; fileRef = D39279350821FFA400376676 /* Credits.rtf */; };
		D39279390821FFA400376676 /* InfoPlist.strings in Resources */ = {isa = PBXBuildFile; fileRef = D39279380821FFA400376676 /* InfoPlist.strings */; };
		D392794E0821FFA400376676 /* cat2rtf in CopyFiles */ = {isa = PBXBuildFile; fileRef = D39279490821FFA400376676 /* cat2rtf */; };
		D39279510821FFA400376676 /* cat2rtf.c in Sources */ = {isa = PBXBuildFile; fileRef = D39279500821FFA400376676 /* cat2rtf.c */; settings = {ATTRIBUTES = (); }; };
		D39279610821FFA400376676 /* cat2html in CopyFiles */ = {isa = PBXBuildFile; fileRef = D392795D0821FFA400376676 /* cat2html */; };
		D39279640821FFA400376676 /* cat2html.c in Sources */ = {isa = PBXBuildFile; fileRef = D39279630821FFA400376676 /* cat2html.c */; settings = {ATTRIBUTES = (); }; };
		D39279820821FFA400376676 /* Foundation.framework in Frameworks */ = {isa = PBXBuildFile; fileRef = D39279810821FFA400376676 /* Foundation.framework */; };
		D39279830821FFA400376676 /* Foundation.framework in Frameworks */ = {isa = PBXBuildFile; fileRef = D39279810821FFA400376676 /* Foundation.framework */; };
		D39279860821FFA400376676 /* AppKit.framework in Frameworks */ = {isa = PBXBuildFile; fileRef = D39279850821FFA400376676 /* AppKit.framework */; };
		F49C26F60E29712C0043BAE8 /* CommandLineInstaller.m in Sources */ = {isa = PBXBuildFile; fileRef = F49C26F40E29712C0043BAE8 /* CommandLineInstaller.m */; };
		F49C26F70E29712C0043BAE8 /* CommandLineInstaller.h in Headers */ = {isa = PBXBuildFile; fileRef = F49C26F50E29712C0043BAE8 /* CommandLineInstaller.h */; };
		F49C26FA0E2971EF0043BAE8 /* InstallCommandLineTool.sh in Resources */ = {isa = PBXBuildFile; fileRef = F49C26F90E2971EF0043BAE8 /* InstallCommandLineTool.sh */; };
		F49C26FD0E2972280043BAE8 /* openman in Resources */ = {isa = PBXBuildFile; fileRef = F49C26FC0E2972280043BAE8 /* openman */; };
		F49C270A0E29727D0043BAE8 /* Security.framework in Frameworks */ = {isa = PBXBuildFile; fileRef = F49C27090E29727D0043BAE8 /* Security.framework */; };
		F49C27250E29741A0043BAE8 /* UninstallCommandLineTool.sh in Resources */ = {isa = PBXBuildFile; fileRef = F49C27240E29741A0043BAE8 /* UninstallCommandLineTool.sh */; };
/* End PBXBuildFile section */

/* Begin PBXContainerItemProxy section */
		D39278EF0821FFA400376676 /* PBXContainerItemProxy */ = {
			isa = PBXContainerItemProxy;
			containerPortal = D39279890821FFA400376676 /* Project object */;
			proxyType = 1;
			remoteGlobalIDString = D39278EB0821FFA400376676;
			remoteInfo = "ManOpen (Application)";
		};
		D392794B0821FFA400376676 /* PBXContainerItemProxy */ = {
			isa = PBXContainerItemProxy;
			containerPortal = D39279890821FFA400376676 /* Project object */;
			proxyType = 1;
			remoteGlobalIDString = D39279480821FFA400376676;
			remoteInfo = "cat2rtf (Tool)";
		};
		D392795F0821FFA400376676 /* PBXContainerItemProxy */ = {
			isa = PBXContainerItemProxy;
			containerPortal = D39279890821FFA400376676 /* Project object */;
			proxyType = 1;
			remoteGlobalIDString = D392795C0821FFA400376676;
			remoteInfo = "cat2html (Tool)";
		};
/* End PBXContainerItemProxy section */

/* Begin PBXCopyFilesBuildPhase section */
		D392794D0821FFA400376676 /* CopyFiles */ = {
			isa = PBXCopyFilesBuildPhase;
			buildActionMask = 2147483647;
			dstPath = "";
			dstSubfolderSpec = 7;
			files = (
				D392794E0821FFA400376676 /* cat2rtf in CopyFiles */,
				D39279610821FFA400376676 /* cat2html in CopyFiles */,
			);
			runOnlyForDeploymentPostprocessing = 0;
		};
		D39279740821FFA400376676 /* CopyFiles */ = {
			isa = PBXCopyFilesBuildPhase;
			buildActionMask = 2147483647;
			dstPath = "";
			dstSubfolderSpec = 7;
			files = (
			);
			runOnlyForDeploymentPostprocessing = 0;
		};
/* End PBXCopyFilesBuildPhase section */

/* Begin PBXFileReference section */
		D314F2E60825A8F100E439E7 /* CustomInfoOSXOverrides.plist */ = {isa = PBXFileReference; fileEncoding = 30; lastKnownFileType = text.plist; path = CustomInfoOSXOverrides.plist; sourceTree = "<group>"; };
		D39278E10821FFA400376676 /* Makefile */ = {isa = PBXFileReference; lastKnownFileType = sourcecode.make; path = Makefile; sourceTree = "<group>"; };
		D39278E20821FFA400376676 /* Makefile.postamble */ = {isa = PBXFileReference; lastKnownFileType = text; path = Makefile.postamble; sourceTree = "<group>"; };
		D39278E30821FFA400376676 /* Makefile.preamble */ = {isa = PBXFileReference; lastKnownFileType = text; path = Makefile.preamble; sourceTree = "<group>"; };
		D39278EC0821FFA400376676 /* ManOpen.app */ = {isa = PBXFileReference; explicitFileType = wrapper.application; includeInIndex = 0; path = ManOpen.app; sourceTree = BUILT_PRODUCTS_DIR; };
		D39278F20821FFA400376676 /* AproposDocument.m */ = {isa = PBXFileReference; lastKnownFileType = sourcecode.c.objc; path = AproposDocument.m; sourceTree = "<group>"; };
		D39278F40821FFA400376676 /* FindPanelController.m */ = {isa = PBXFileReference; lastKnownFileType = sourcecode.c.objc; path = FindPanelController.m; sourceTree = "<group>"; };
		D39278F60821FFA400376676 /* ManDocument.m */ = {isa = PBXFileReference; lastKnownFileType = sourcecode.c.objc; path = ManDocument.m; sourceTree = "<group>"; };
		D39278F80821FFA400376676 /* ManDocumentController.m */ = {isa = PBXFileReference; lastKnownFileType = sourcecode.c.objc; path = ManDocumentController.m; sourceTree = "<group>"; };
		D39278FA0821FFA400376676 /* NSData+Utils.m */ = {isa = PBXFileReference; lastKnownFileType = sourcecode.c.objc; path = "NSData+Utils.m"; sourceTree = "<group>"; };
		D39278FC0821FFA400376676 /* PrefPanelController.m */ = {isa = PBXFileReference; lastKnownFileType = sourcecode.c.objc; path = PrefPanelController.m; sourceTree = "<group>"; };
		D39278FF0821FFA400376676 /* AproposDocument.h */ = {isa = PBXFileReference; lastKnownFileType = sourcecode.c.h; path = AproposDocument.h; sourceTree = "<group>"; };
		D39279010821FFA400376676 /* FindPanelController.h */ = {isa = PBXFileReference; lastKnownFileType = sourcecode.c.h; path = FindPanelController.h; sourceTree = "<group>"; };
		D39279030821FFA400376676 /* ManDocument.h */ = {isa = PBXFileReference; lastKnownFileType = sourcecode.c.h; path = ManDocument.h; sourceTree = "<group>"; };
		D39279050821FFA400376676 /* ManDocumentController.h */ = {isa = PBXFileReference; lastKnownFileType = sourcecode.c.h; path = ManDocumentController.h; sourceTree = "<group>"; };
		D39279070821FFA400376676 /* ManOpenProtocol.h */ = {isa = PBXFileReference; lastKnownFileType = sourcecode.c.h; path = ManOpenProtocol.h; sourceTree = "<group>"; };
		D39279090821FFA400376676 /* NSData+Utils.h */ = {isa = PBXFileReference; lastKnownFileType = sourcecode.c.h; path = "NSData+Utils.h"; sourceTree = "<group>"; };
		D392790B0821FFA400376676 /* PrefPanelController.h */ = {isa = PBXFileReference; lastKnownFileType = sourcecode.c.h; path = PrefPanelController.h; sourceTree = "<group>"; };
		D392790D0821FFA400376676 /* SystemType.h */ = {isa = PBXFileReference; lastKnownFileType = sourcecode.c.h; path = SystemType.h; sourceTree = "<group>"; };
		D39279100821FFA400376676 /* ManOpen_main.m */ = {isa = PBXFileReference; lastKnownFileType = sourcecode.c.objc; path = ManOpen_main.m; sourceTree = "<group>"; };
		D39279150821FFA400376676 /* English */ = {isa = PBXFileReference; lastKnownFileType = wrapper.nib; name = English; path = English.lproj/ManPage.nib; sourceTree = "<group>"; };
		D39279180821FFA400376676 /* English */ = {isa = PBXFileReference; lastKnownFileType = wrapper.nib; name = English; path = English.lproj/PrefPanel.nib; sourceTree = "<group>"; };
		D392791B0821FFA400376676 /* English */ = {isa = PBXFileReference; lastKnownFileType = wrapper.nib; name = English; path = English.lproj/FindPanel.nib; sourceTree = "<group>"; };
		D392791E0821FFA400376676 /* English */ = {isa = PBXFileReference; lastKnownFileType = wrapper.nib; name = English; path = English.lproj/Apropos.nib; sourceTree = "<group>"; };
		D39279210821FFA400376676 /* English */ = {isa = PBXFileReference; lastKnownFileType = wrapper.nib; name = English; path = English.lproj/ManOpen.nib; sourceTree = "<group>"; };
		D39279220821FFA400376676 /* English - macintosh */ = {isa = PBXFileReference; lastKnownFileType = wrapper.nib; name = "English - macintosh"; path = "English.lproj/ManOpen-macintosh.nib"; sourceTree = "<group>"; };
		D39279230821FFA400376676 /* English - macos */ = {isa = PBXFileReference; lastKnownFileType = wrapper.nib; name = "English - macos"; path = "English.lproj/ManOpen-macos.nib"; sourceTree = "<group>"; };
		D39279260821FFA400376676 /* English */ = {isa = PBXFileReference; lastKnownFileType = wrapper.nib; name = English; path = English.lproj/DocController.nib; sourceTree = "<group>"; };
		D39279280821FFA400376676 /* LinkCursor.tiff */ = {isa = PBXFileReference; lastKnownFileType = image.tiff; path = LinkCursor.tiff; sourceTree = "<group>"; };
		D392792A0821FFA400376676 /* ManOpen-nextstep.tiff */ = {isa = PBXFileReference; lastKnownFileType = image.tiff; path = "ManOpen-nextstep.tiff"; sourceTree = "<group>"; };
		D392792C0821FFA400376676 /* ManOpen.tiff */ = {isa = PBXFileReference; lastKnownFileType = image.tiff; path = ManOpen.tiff; sourceTree = "<group>"; };
		D392792F0821FFA400376676 /* ManOpen.scriptSuite */ = {isa = PBXFileReference; lastKnownFileType = text.plist.scriptSuite; path = ManOpen.scriptSuite; sourceTree = "<group>"; };
		D39279310821FFA400376676 /* ManOpen.icns */ = {isa = PBXFileReference; lastKnownFileType = image.icns; path = ManOpen.icns; sourceTree = "<group>"; };
		D39279330821FFA400376676 /* ManOpen.scriptTerminology */ = {isa = PBXFileReference; lastKnownFileType = text.plist.scriptTerminology; path = ManOpen.scriptTerminology; sourceTree = "<group>"; };
		D39279370821FFA400376676 /* English */ = {isa = PBXFileReference; lastKnownFileType = text.rtf; name = English; path = English.lproj/Credits.rtf; sourceTree = "<group>"; };
		D392793A0821FFA400376676 /* English */ = {isa = PBXFileReference; lastKnownFileType = text.plist.strings; name = English; path = English.lproj/InfoPlist.strings; sourceTree = "<group>"; };
		D392793C0821FFA400376676 /* CustomInfo.plist */ = {isa = PBXFileReference; lastKnownFileType = text.plist; path = CustomInfo.plist; sourceTree = "<group>"; };
		D392793D0821FFA400376676 /* h.template */ = {isa = PBXFileReference; lastKnownFileType = text; path = h.template; sourceTree = "<group>"; };
		D392793E0821FFA400376676 /* m.template */ = {isa = PBXFileReference; lastKnownFileType = text; path = m.template; sourceTree = "<group>"; };
		D392793F0821FFA400376676 /* Makefile */ = {isa = PBXFileReference; lastKnownFileType = sourcecode.make; path = Makefile; sourceTree = "<group>"; };
		D39279400821FFA400376676 /* Makefile.postamble */ = {isa = PBXFileReference; lastKnownFileType = text; path = Makefile.postamble; sourceTree = "<group>"; };
		D39279410821FFA400376676 /* Makefile.preamble */ = {isa = PBXFileReference; lastKnownFileType = text; path = Makefile.preamble; sourceTree = "<group>"; };
		D39279490821FFA400376676 /* cat2rtf */ = {isa = PBXFileReference; explicitFileType = "compiled.mach-o.executable"; includeInIndex = 0; path = cat2rtf; sourceTree = BUILT_PRODUCTS_DIR; };
		D39279500821FFA400376676 /* cat2rtf.c */ = {isa = PBXFileReference; lastKnownFileType = sourcecode.c.c; path = cat2rtf.c; sourceTree = "<group>"; };
		D39279530821FFA400376676 /* Makefile.preamble */ = {isa = PBXFileReference; lastKnownFileType = text; path = Makefile.preamble; sourceTree = "<group>"; };
		D39279540821FFA400376676 /* Makefile */ = {isa = PBXFileReference; lastKnownFileType = sourcecode.make; path = Makefile; sourceTree = "<group>"; };
		D39279550821FFA400376676 /* Makefile.postamble */ = {isa = PBXFileReference; lastKnownFileType = text; path = Makefile.postamble; sourceTree = "<group>"; };
		D39279560821FFA400376676 /* cat2rtf.l */ = {isa = PBXFileReference; lastKnownFileType = sourcecode.lex; path = cat2rtf.l; sourceTree = "<group>"; };
		D392795D0821FFA400376676 /* cat2html */ = {isa = PBXFileReference; explicitFileType = "compiled.mach-o.executable"; includeInIndex = 0; path = cat2html; sourceTree = BUILT_PRODUCTS_DIR; };
		D39279630821FFA400376676 /* cat2html.c */ = {isa = PBXFileReference; lastKnownFileType = sourcecode.c.c; path = cat2html.c; sourceTree = "<group>"; };
		D39279660821FFA400376676 /* Makefile.preamble */ = {isa = PBXFileReference; lastKnownFileType = text; path = Makefile.preamble; sourceTree = "<group>"; };
		D39279670821FFA400376676 /* Makefile */ = {isa = PBXFileReference; lastKnownFileType = sourcecode.make; path = Makefile; sourceTree = "<group>"; };
		D39279680821FFA400376676 /* Makefile.postamble */ = {isa = PBXFileReference; lastKnownFileType = text; path = Makefile.postamble; sourceTree = "<group>"; };
		D39279690821FFA400376676 /* cat2html.l */ = {isa = PBXFileReference; lastKnownFileType = sourcecode.lex; path = cat2html.l; sourceTree = "<group>"; };
		D39279770821FFA400376676 /* openman.m */ = {isa = PBXFileReference; lastKnownFileType = sourcecode.c.objc; path = openman.m; sourceTree = "<group>"; };
		D392797A0821FFA400376676 /* Makefile.preamble */ = {isa = PBXFileReference; lastKnownFileType = text; path = Makefile.preamble; sourceTree = "<group>"; };
		D392797B0821FFA400376676 /* Makefile */ = {isa = PBXFileReference; lastKnownFileType = sourcecode.make; path = Makefile; sourceTree = "<group>"; };
		D392797C0821FFA400376676 /* Makefile.postamble */ = {isa = PBXFileReference; lastKnownFileType = text; path = Makefile.postamble; sourceTree = "<group>"; };
		D392797D0821FFA400376676 /* m.template */ = {isa = PBXFileReference; lastKnownFileType = text; path = m.template; sourceTree = "<group>"; };
		D392797E0821FFA400376676 /* h.template */ = {isa = PBXFileReference; lastKnownFileType = text; path = h.template; sourceTree = "<group>"; };
		D392797F0821FFA400376676 /* openman.1 */ = {isa = PBXFileReference; lastKnownFileType = text.man; path = openman.1; sourceTree = "<group>"; };
		D39279810821FFA400376676 /* Foundation.framework */ = {isa = PBXFileReference; lastKnownFileType = wrapper.framework; name = Foundation.framework; path = /System/Library/Frameworks/Foundation.framework; sourceTree = "<absolute>"; };
		D39279850821FFA400376676 /* AppKit.framework */ = {isa = PBXFileReference; lastKnownFileType = wrapper.framework; name = AppKit.framework; path = /System/Library/Frameworks/AppKit.framework; sourceTree = "<absolute>"; };
		F49C26F40E29712C0043BAE8 /* CommandLineInstaller.m */ = {isa = PBXFileReference; fileEncoding = 4; lastKnownFileType = sourcecode.c.objc; path = CommandLineInstaller.m; sourceTree = "<group>"; };
		F49C26F50E29712C0043BAE8 /* CommandLineInstaller.h */ = {isa = PBXFileReference; fileEncoding = 4; lastKnownFileType = sourcecode.c.h; path = CommandLineInstaller.h; sourceTree = "<group>"; };
		F49C26F90E2971EF0043BAE8 /* InstallCommandLineTool.sh */ = {isa = PBXFileReference; fileEncoding = 4; lastKnownFileType = text.script.sh; path = InstallCommandLineTool.sh; sourceTree = "<group>"; };
		F49C26FC0E2972280043BAE8 /* openman */ = {isa = PBXFileReference; lastKnownFileType = "compiled.mach-o.executable"; name = openman; path = openman.tproj/openman; sourceTree = SOURCE_ROOT; };
		F49C27090E29727D0043BAE8 /* Security.framework */ = {isa = PBXFileReference; lastKnownFileType = wrapper.framework; name = Security.framework; path = /System/Library/Frameworks/Security.framework; sourceTree = "<absolute>"; };
		F49C27240E29741A0043BAE8 /* UninstallCommandLineTool.sh */ = {isa = PBXFileReference; fileEncoding = 4; lastKnownFileType = text.script.sh; path = UninstallCommandLineTool.sh; sourceTree = "<group>"; };
/* End PBXFileReference section */

/* Begin PBXFrameworksBuildPhase section */
		D39278E90821FFA400376676 /* Frameworks */ = {
			isa = PBXFrameworksBuildPhase;
			buildActionMask = 2147483647;
			files = (
				D39279830821FFA400376676 /* Foundation.framework in Frameworks */,
				D39279860821FFA400376676 /* AppKit.framework in Frameworks */,
				F49C270A0E29727D0043BAE8 /* Security.framework in Frameworks */,
			);
			runOnlyForDeploymentPostprocessing = 0;
		};
		D39279460821FFA400376676 /* Frameworks */ = {
			isa = PBXFrameworksBuildPhase;
			buildActionMask = 2147483647;
			files = (
			);
			runOnlyForDeploymentPostprocessing = 0;
		};
		D392795A0821FFA400376676 /* Frameworks */ = {
			isa = PBXFrameworksBuildPhase;
			buildActionMask = 2147483647;
			files = (
				D39279820821FFA400376676 /* Foundation.framework in Frameworks */,
			);
			runOnlyForDeploymentPostprocessing = 0;
		};
/* End PBXFrameworksBuildPhase section */

/* Begin PBXGroup section */
		D39278DB0821FF9D00376676 /* ManOpen */ = {
			isa = PBXGroup;
			children = (
				D39278E00821FFA400376676 /* Supporting Files */,
				D39278E40821FFA400376676 /* Subprojects */,
				D39279800821FFA400376676 /* External Frameworks and Libraries */,
				D39278ED0821FFA400376676 /* Products */,
			);
			name = ManOpen;
			sourceTree = "<group>";
		};
		D39278E00821FFA400376676 /* Supporting Files */ = {
			isa = PBXGroup;
			children = (
				D39278E10821FFA400376676 /* Makefile */,
				D39278E20821FFA400376676 /* Makefile.postamble */,
				D39278E30821FFA400376676 /* Makefile.preamble */,
			);
			name = "Supporting Files";
			sourceTree = "<group>";
		};
		D39278E40821FFA400376676 /* Subprojects */ = {
			isa = PBXGroup;
			children = (
				D39278E50821FFA400376676 /* ManOpen */,
				D392796A0821FFA400376676 /* openman */,
			);
			name = Subprojects;
			sourceTree = "<group>";
		};
		D39278E50821FFA400376676 /* ManOpen */ = {
			isa = PBXGroup;
			children = (
				D39278F10821FFA400376676 /* Classes */,
				D39278FE0821FFA400376676 /* Headers */,
				D392790F0821FFA400376676 /* Other Sources */,
				D39279120821FFA400376676 /* Interfaces */,
				D39279270821FFA400376676 /* Images */,
				D392792E0821FFA400376676 /* Resources */,
				D392793B0821FFA400376676 /* Supporting Files */,
				D39279420821FFA400376676 /* Subprojects */,
			);
			path = ManOpen;
			sourceTree = "<group>";
		};
		D39278ED0821FFA400376676 /* Products */ = {
			isa = PBXGroup;
			children = (
				D39278EC0821FFA400376676 /* ManOpen.app */,
				D39279490821FFA400376676 /* cat2rtf */,
				D392795D0821FFA400376676 /* cat2html */,
			);
			name = Products;
			sourceTree = "<group>";
		};
		D39278F10821FFA400376676 /* Classes */ = {
			isa = PBXGroup;
			children = (
				F49C26F40E29712C0043BAE8 /* CommandLineInstaller.m */,
				F49C26F50E29712C0043BAE8 /* CommandLineInstaller.h */,
				D39278F20821FFA400376676 /* AproposDocument.m */,
				D39278F40821FFA400376676 /* FindPanelController.m */,
				D39278F60821FFA400376676 /* ManDocument.m */,
				D39278F80821FFA400376676 /* ManDocumentController.m */,
				D39278FA0821FFA400376676 /* NSData+Utils.m */,
				D39278FC0821FFA400376676 /* PrefPanelController.m */,
			);
			name = Classes;
			sourceTree = "<group>";
		};
		D39278FE0821FFA400376676 /* Headers */ = {
			isa = PBXGroup;
			children = (
				D39278FF0821FFA400376676 /* AproposDocument.h */,
				D39279010821FFA400376676 /* FindPanelController.h */,
				D39279030821FFA400376676 /* ManDocument.h */,
				D39279050821FFA400376676 /* ManDocumentController.h */,
				D39279070821FFA400376676 /* ManOpenProtocol.h */,
				D39279090821FFA400376676 /* NSData+Utils.h */,
				D392790B0821FFA400376676 /* PrefPanelController.h */,
				D392790D0821FFA400376676 /* SystemType.h */,
			);
			name = Headers;
			sourceTree = "<group>";
		};
		D392790F0821FFA400376676 /* Other Sources */ = {
			isa = PBXGroup;
			children = (
				D39279100821FFA400376676 /* ManOpen_main.m */,
			);
			name = "Other Sources";
			sourceTree = "<group>";
		};
		D39279120821FFA400376676 /* Interfaces */ = {
			isa = PBXGroup;
			children = (
				D39279130821FFA400376676 /* ManPage.nib */,
				D39279160821FFA400376676 /* PrefPanel.nib */,
				D39279190821FFA400376676 /* FindPanel.nib */,
				D392791C0821FFA400376676 /* Apropos.nib */,
				D392791F0821FFA400376676 /* ManOpen.nib */,
				D39279240821FFA400376676 /* DocController.nib */,
			);
			name = Interfaces;
			sourceTree = "<group>";
		};
		D39279270821FFA400376676 /* Images */ = {
			isa = PBXGroup;
			children = (
				D39279280821FFA400376676 /* LinkCursor.tiff */,
				D392792A0821FFA400376676 /* ManOpen-nextstep.tiff */,
				D392792C0821FFA400376676 /* ManOpen.tiff */,
			);
			name = Images;
			sourceTree = "<group>";
		};
		D392792E0821FFA400376676 /* Resources */ = {
			isa = PBXGroup;
			children = (
				F49C26F90E2971EF0043BAE8 /* InstallCommandLineTool.sh */,
				F49C27240E29741A0043BAE8 /* UninstallCommandLineTool.sh */,
				D392792F0821FFA400376676 /* ManOpen.scriptSuite */,
				F49C26FC0E2972280043BAE8 /* openman */,
				D39279310821FFA400376676 /* ManOpen.icns */,
				D39279330821FFA400376676 /* ManOpen.scriptTerminology */,
				D39279350821FFA400376676 /* Credits.rtf */,
				D39279380821FFA400376676 /* InfoPlist.strings */,
			);
			name = Resources;
			sourceTree = "<group>";
		};
		D392793B0821FFA400376676 /* Supporting Files */ = {
			isa = PBXGroup;
			children = (
				D314F2E60825A8F100E439E7 /* CustomInfoOSXOverrides.plist */,
				D392793C0821FFA400376676 /* CustomInfo.plist */,
				D392793D0821FFA400376676 /* h.template */,
				D392793E0821FFA400376676 /* m.template */,
				D392793F0821FFA400376676 /* Makefile */,
				D39279400821FFA400376676 /* Makefile.postamble */,
				D39279410821FFA400376676 /* Makefile.preamble */,
			);
			name = "Supporting Files";
			sourceTree = "<group>";
		};
		D39279420821FFA400376676 /* Subprojects */ = {
			isa = PBXGroup;
			children = (
				D39279430821FFA400376676 /* cat2rtf */,
				D39279570821FFA400376676 /* cat2html */,
			);
			name = Subprojects;
			sourceTree = "<group>";
		};
		D39279430821FFA400376676 /* cat2rtf */ = {
			isa = PBXGroup;
			children = (
				D392794F0821FFA400376676 /* Other Sources */,
				D39279520821FFA400376676 /* Supporting Files */,
			);
			name = cat2rtf;
			path = cat2rtf.tproj;
			sourceTree = "<group>";
		};
		D392794F0821FFA400376676 /* Other Sources */ = {
			isa = PBXGroup;
			children = (
				D39279500821FFA400376676 /* cat2rtf.c */,
			);
			name = "Other Sources";
			sourceTree = "<group>";
		};
		D39279520821FFA400376676 /* Supporting Files */ = {
			isa = PBXGroup;
			children = (
				D39279530821FFA400376676 /* Makefile.preamble */,
				D39279540821FFA400376676 /* Makefile */,
				D39279550821FFA400376676 /* Makefile.postamble */,
				D39279560821FFA400376676 /* cat2rtf.l */,
			);
			name = "Supporting Files";
			sourceTree = "<group>";
		};
		D39279570821FFA400376676 /* cat2html */ = {
			isa = PBXGroup;
			children = (
				D39279620821FFA400376676 /* Other Sources */,
				D39279650821FFA400376676 /* Supporting Files */,
			);
			name = cat2html;
			path = cat2html.tproj;
			sourceTree = "<group>";
		};
		D39279620821FFA400376676 /* Other Sources */ = {
			isa = PBXGroup;
			children = (
				D39279630821FFA400376676 /* cat2html.c */,
			);
			name = "Other Sources";
			sourceTree = "<group>";
		};
		D39279650821FFA400376676 /* Supporting Files */ = {
			isa = PBXGroup;
			children = (
				D39279660821FFA400376676 /* Makefile.preamble */,
				D39279670821FFA400376676 /* Makefile */,
				D39279680821FFA400376676 /* Makefile.postamble */,
				D39279690821FFA400376676 /* cat2html.l */,
			);
			name = "Supporting Files";
			sourceTree = "<group>";
		};
		D392796A0821FFA400376676 /* openman */ = {
			isa = PBXGroup;
			children = (
				D39279760821FFA400376676 /* Other Sources */,
				D39279790821FFA400376676 /* Supporting Files */,
			);
			name = openman;
			path = openman.tproj;
			sourceTree = "<group>";
		};
		D39279760821FFA400376676 /* Other Sources */ = {
			isa = PBXGroup;
			children = (
				D39279770821FFA400376676 /* openman.m */,
			);
			name = "Other Sources";
			sourceTree = "<group>";
		};
		D39279790821FFA400376676 /* Supporting Files */ = {
			isa = PBXGroup;
			children = (
				D392797A0821FFA400376676 /* Makefile.preamble */,
				D392797B0821FFA400376676 /* Makefile */,
				D392797C0821FFA400376676 /* Makefile.postamble */,
				D392797D0821FFA400376676 /* m.template */,
				D392797E0821FFA400376676 /* h.template */,
				D392797F0821FFA400376676 /* openman.1 */,
			);
			name = "Supporting Files";
			sourceTree = "<group>";
		};
		D39279800821FFA400376676 /* External Frameworks and Libraries */ = {
			isa = PBXGroup;
			children = (
				F49C27090E29727D0043BAE8 /* Security.framework */,
				D39279810821FFA400376676 /* Foundation.framework */,
				D39279850821FFA400376676 /* AppKit.framework */,
			);
			name = "External Frameworks and Libraries";
			sourceTree = "<group>";
		};
/* End PBXGroup section */

/* Begin PBXHeadersBuildPhase section */
		D39278E60821FFA400376676 /* Headers */ = {
			isa = PBXHeadersBuildPhase;
			buildActionMask = 2147483647;
			files = (
				D39279000821FFA400376676 /* AproposDocument.h in Headers */,
				D39279020821FFA400376676 /* FindPanelController.h in Headers */,
				D39279040821FFA400376676 /* ManDocument.h in Headers */,
				D39279060821FFA400376676 /* ManDocumentController.h in Headers */,
				D39279080821FFA400376676 /* ManOpenProtocol.h in Headers */,
				D392790A0821FFA400376676 /* NSData+Utils.h in Headers */,
				D392790C0821FFA400376676 /* PrefPanelController.h in Headers */,
				D392790E0821FFA400376676 /* SystemType.h in Headers */,
				F49C26F70E29712C0043BAE8 /* CommandLineInstaller.h in Headers */,
			);
			runOnlyForDeploymentPostprocessing = 0;
		};
		D39279440821FFA400376676 /* Headers */ = {
			isa = PBXHeadersBuildPhase;
			buildActionMask = 2147483647;
			files = (
			);
			runOnlyForDeploymentPostprocessing = 0;
		};
		D39279580821FFA400376676 /* Headers */ = {
			isa = PBXHeadersBuildPhase;
			buildActionMask = 2147483647;
			files = (
			);
			runOnlyForDeploymentPostprocessing = 0;
		};
/* End PBXHeadersBuildPhase section */

/* Begin PBXProject section */
		D39279890821FFA400376676 /* Project object */ = {
			isa = PBXProject;
			buildConfigurationList = F4F38FF70E26AAF2006DDFA8 /* Build configuration list for PBXProject "ManOpen" */;
			compatibilityVersion = "Xcode 3.0";
			hasScannedForEncodings = 1;
			knownPlatforms = (
				macos,
				macosclassic,
				windows,
				solaris,
				hpux,
				macintosh,
			);
			mainGroup = D39278DB0821FF9D00376676 /* ManOpen */;
			productRefGroup = D39278ED0821FFA400376676 /* Products */;
			projectDirPath = "";
			projectRoot = "";
			targets = (
				D39278DF0821FFA400376676 /* ManOpen (Aggregate) */,
				D39278EB0821FFA400376676 /* ManOpen (Application) */,
				D39279480821FFA400376676 /* cat2rtf (Tool) */,
				D392795C0821FFA400376676 /* cat2html (Tool) */,
			);
		};
/* End PBXProject section */

/* Begin PBXResourcesBuildPhase section */
		D39278E70821FFA400376676 /* Resources */ = {
			isa = PBXResourcesBuildPhase;
			buildActionMask = 2147483647;
			files = (
				D39279140821FFA400376676 /* ManPage.nib in Resources */,
				D39279170821FFA400376676 /* PrefPanel.nib in Resources */,
				D392791A0821FFA400376676 /* FindPanel.nib in Resources */,
				D392791D0821FFA400376676 /* Apropos.nib in Resources */,
				D39279200821FFA400376676 /* ManOpen.nib in Resources */,
				D39279250821FFA400376676 /* DocController.nib in Resources */,
				D39279290821FFA400376676 /* LinkCursor.tiff in Resources */,
				D392792B0821FFA400376676 /* ManOpen-nextstep.tiff in Resources */,
				D392792D0821FFA400376676 /* ManOpen.tiff in Resources */,
				D39279300821FFA400376676 /* ManOpen.scriptSuite in Resources */,
				D39279320821FFA400376676 /* ManOpen.icns in Resources */,
				D39279340821FFA400376676 /* ManOpen.scriptTerminology in Resources */,
				D39279360821FFA400376676 /* Credits.rtf in Resources */,
				D39279390821FFA400376676 /* InfoPlist.strings in Resources */,
				F49C26FA0E2971EF0043BAE8 /* InstallCommandLineTool.sh in Resources */,
				F49C26FD0E2972280043BAE8 /* openman in Resources */,
				F49C27250E29741A0043BAE8 /* UninstallCommandLineTool.sh in Resources */,
			);
			runOnlyForDeploymentPostprocessing = 0;
		};
/* End PBXResourcesBuildPhase section */

/* Begin PBXRezBuildPhase section */
		D39278EA0821FFA400376676 /* Rez */ = {
			isa = PBXRezBuildPhase;
			buildActionMask = 2147483647;
			files = (
			);
			runOnlyForDeploymentPostprocessing = 0;
		};
		D39279470821FFA400376676 /* Rez */ = {
			isa = PBXRezBuildPhase;
			buildActionMask = 2147483647;
			files = (
			);
			runOnlyForDeploymentPostprocessing = 0;
		};
		D392795B0821FFA400376676 /* Rez */ = {
			isa = PBXRezBuildPhase;
			buildActionMask = 2147483647;
			files = (
			);
			runOnlyForDeploymentPostprocessing = 0;
		};
/* End PBXRezBuildPhase section */

/* Begin PBXSourcesBuildPhase section */
		D39278E80821FFA400376676 /* Sources */ = {
			isa = PBXSourcesBuildPhase;
			buildActionMask = 2147483647;
			files = (
				D39278F30821FFA400376676 /* AproposDocument.m in Sources */,
				D39278F50821FFA400376676 /* FindPanelController.m in Sources */,
				D39278F70821FFA400376676 /* ManDocument.m in Sources */,
				D39278F90821FFA400376676 /* ManDocumentController.m in Sources */,
				D39278FB0821FFA400376676 /* NSData+Utils.m in Sources */,
				D39278FD0821FFA400376676 /* PrefPanelController.m in Sources */,
				D39279110821FFA400376676 /* ManOpen_main.m in Sources */,
				F49C26F60E29712C0043BAE8 /* CommandLineInstaller.m in Sources */,
			);
			runOnlyForDeploymentPostprocessing = 0;
		};
		D39279450821FFA400376676 /* Sources */ = {
			isa = PBXSourcesBuildPhase;
			buildActionMask = 2147483647;
			files = (
				D39279510821FFA400376676 /* cat2rtf.c in Sources */,
			);
			runOnlyForDeploymentPostprocessing = 0;
		};
		D39279590821FFA400376676 /* Sources */ = {
			isa = PBXSourcesBuildPhase;
			buildActionMask = 2147483647;
			files = (
				D39279640821FFA400376676 /* cat2html.c in Sources */,
			);
			runOnlyForDeploymentPostprocessing = 0;
		};
/* End PBXSourcesBuildPhase section */

/* Begin PBXTargetDependency section */
		D39278F00821FFA400376676 /* PBXTargetDependency */ = {
			isa = PBXTargetDependency;
			target = D39278EB0821FFA400376676 /* ManOpen (Application) */;
			targetProxy = D39278EF0821FFA400376676 /* PBXContainerItemProxy */;
		};
		D392794C0821FFA400376676 /* PBXTargetDependency */ = {
			isa = PBXTargetDependency;
			target = D39279480821FFA400376676 /* cat2rtf (Tool) */;
			targetProxy = D392794B0821FFA400376676 /* PBXContainerItemProxy */;
		};
		D39279600821FFA400376676 /* PBXTargetDependency */ = {
			isa = PBXTargetDependency;
			target = D392795C0821FFA400376676 /* cat2html (Tool) */;
			targetProxy = D392795F0821FFA400376676 /* PBXContainerItemProxy */;
		};
/* End PBXTargetDependency section */

/* Begin PBXToolTarget section */
		D39279480821FFA400376676 /* cat2rtf (Tool) */ = {
			isa = PBXToolTarget;
			buildConfigurationList = F4F38FF80E26AAF2006DDFA8 /* Build configuration list for PBXToolTarget "cat2rtf (Tool)" */;
			buildPhases = (
				D39279440821FFA400376676 /* Headers */,
				D39279450821FFA400376676 /* Sources */,
				D39279460821FFA400376676 /* Frameworks */,
				D39279470821FFA400376676 /* Rez */,
			);
			dependencies = (
			);
			name = "cat2rtf (Tool)";
			productName = "cat2rtf (Tool)";
			productReference = D39279490821FFA400376676 /* cat2rtf */;
		};
		D392795C0821FFA400376676 /* cat2html (Tool) */ = {
			isa = PBXToolTarget;
			buildConfigurationList = F4F38FF90E26AAF2006DDFA8 /* Build configuration list for PBXToolTarget "cat2html (Tool)" */;
			buildPhases = (
				D39279580821FFA400376676 /* Headers */,
				D39279590821FFA400376676 /* Sources */,
				D392795A0821FFA400376676 /* Frameworks */,
				D392795B0821FFA400376676 /* Rez */,
			);
			dependencies = (
			);
			name = "cat2html (Tool)";
			productName = "cat2html (Tool)";
			productReference = D392795D0821FFA400376676 /* cat2html */;
		};
/* End PBXToolTarget section */

/* Begin PBXVariantGroup section */
		D39279130821FFA400376676 /* ManPage.nib */ = {
			isa = PBXVariantGroup;
			children = (
				D39279150821FFA400376676 /* English */,
			);
			name = ManPage.nib;
			sourceTree = "<group>";
		};
		D39279160821FFA400376676 /* PrefPanel.nib */ = {
			isa = PBXVariantGroup;
			children = (
				D39279180821FFA400376676 /* English */,
			);
			name = PrefPanel.nib;
			sourceTree = "<group>";
		};
		D39279190821FFA400376676 /* FindPanel.nib */ = {
			isa = PBXVariantGroup;
			children = (
				D392791B0821FFA400376676 /* English */,
			);
			name = FindPanel.nib;
			sourceTree = "<group>";
		};
		D392791C0821FFA400376676 /* Apropos.nib */ = {
			isa = PBXVariantGroup;
			children = (
				D392791E0821FFA400376676 /* English */,
			);
			name = Apropos.nib;
			sourceTree = "<group>";
		};
		D392791F0821FFA400376676 /* ManOpen.nib */ = {
			isa = PBXVariantGroup;
			children = (
				D39279210821FFA400376676 /* English */,
				D39279220821FFA400376676 /* English - macintosh */,
				D39279230821FFA400376676 /* English - macos */,
			);
			name = ManOpen.nib;
			sourceTree = "<group>";
		};
		D39279240821FFA400376676 /* DocController.nib */ = {
			isa = PBXVariantGroup;
			children = (
				D39279260821FFA400376676 /* English */,
			);
			name = DocController.nib;
			sourceTree = "<group>";
		};
		D39279350821FFA400376676 /* Credits.rtf */ = {
			isa = PBXVariantGroup;
			children = (
				D39279370821FFA400376676 /* English */,
			);
			name = Credits.rtf;
			sourceTree = "<group>";
		};
		D39279380821FFA400376676 /* InfoPlist.strings */ = {
			isa = PBXVariantGroup;
			children = (
				D392793A0821FFA400376676 /* English */,
			);
			name = InfoPlist.strings;
			sourceTree = "<group>";
		};
/* End PBXVariantGroup section */

/* Begin XCBuildConfiguration section */
		F4F38FE50E26AAF2006DDFA8 /* Development */ = {
			isa = XCBuildConfiguration;
			buildSettings = {
				SDKROOT = "$(DEVELOPER_SDK_DIR)/MacOSX10.4u.sdk";
			};
			name = Development;
		};
		F4F38FE60E26AAF2006DDFA8 /* Deployment */ = {
			isa = XCBuildConfiguration;
			buildSettings = {
				ARCHS = (
					i386,
					ppc,
					ppc64,
					x86_64,
				);
				DEAD_CODE_STRIPPING = YES;
				MACH_O_TYPE = mh_execute;
				MACOSX_DEPLOYMENT_TARGET = 10.4;
				SDKROOT = "$(DEVELOPER_SDK_DIR)/MacOSX10.4u.sdk";
				VALID_ARCHS = "ppc64 ppc7400 ppc970 i386 x86_64 ppc";
			};
			name = Deployment;
		};
		F4F38FE70E26AAF2006DDFA8 /* Default */ = {
			isa = XCBuildConfiguration;
			buildSettings = {
				SDKROOT = "$(DEVELOPER_SDK_DIR)/MacOSX10.4u.sdk";
			};
			name = Default;
		};
		F4F38FE80E26AAF2006DDFA8 /* Development */ = {
			isa = XCBuildConfiguration;
			buildSettings = {
				COPY_PHASE_STRIP = NO;
				OTHER_CFLAGS = "";
				OTHER_LDFLAGS = "";
				OTHER_REZFLAGS = "";
				PRODUCT_NAME = ManOpen;
				SECTORDER_FLAGS = "";
				WARNING_CFLAGS = (
					"-Wmost",
					"-Wno-four-char-constants",
					"-Wno-unknown-pragmas",
				);
			};
			name = Development;
		};
		F4F38FE90E26AAF2006DDFA8 /* Deployment */ = {
			isa = XCBuildConfiguration;
			buildSettings = {
				COPY_PHASE_STRIP = YES;
				MACOSX_DEPLOYMENT_TARGET = 10.3;
				OTHER_CFLAGS = "";
				OTHER_LDFLAGS = "";
				OTHER_REZFLAGS = "";
				PRODUCT_NAME = ManOpen;
				SECTORDER_FLAGS = "";
				VALID_ARCHS = "ppc64 ppc7400 ppc970 i386 x86_64 ppc";
				WARNING_CFLAGS = (
					"-Wmost",
					"-Wno-four-char-constants",
					"-Wno-unknown-pragmas",
				);
			};
			name = Deployment;
		};
		F4F38FEA0E26AAF2006DDFA8 /* Default */ = {
			isa = XCBuildConfiguration;
			buildSettings = {
				OTHER_CFLAGS = "";
				OTHER_LDFLAGS = "";
				OTHER_REZFLAGS = "";
				PRODUCT_NAME = ManOpen;
				SECTORDER_FLAGS = "";
				WARNING_CFLAGS = (
					"-Wmost",
					"-Wno-four-char-constants",
					"-Wno-unknown-pragmas",
				);
			};
			name = Default;
		};
		F4F38FEB0E26AAF2006DDFA8 /* Development */ = {
			isa = XCBuildConfiguration;
			buildSettings = {
				COPY_PHASE_STRIP = NO;
				FRAMEWORK_SEARCH_PATHS = "";
				HEADER_SEARCH_PATHS = "";
				INSTALL_PATH = "$(HOME)/Apps";
				LIBRARY_SEARCH_PATHS = "";
				OTHER_CFLAGS = "";
				OTHER_LDFLAGS = "";
				OTHER_REZFLAGS = "";
				PRODUCT_NAME = ManOpen;
				SECTORDER_FLAGS = "";
				WARNING_CFLAGS = (
					"-Wmost",
					"-Wno-four-char-constants",
					"-Wno-unknown-pragmas",
				);
				WRAPPER_EXTENSION = app;
			};
			name = Development;
		};
		F4F38FEC0E26AAF2006DDFA8 /* Deployment */ = {
			isa = XCBuildConfiguration;
			buildSettings = {
				COPY_PHASE_STRIP = YES;
				FRAMEWORK_SEARCH_PATHS = "";
				HEADER_SEARCH_PATHS = "";
				INSTALL_PATH = "$(HOME)/Apps";
				LIBRARY_SEARCH_PATHS = "";
				OTHER_CFLAGS = "";
				OTHER_LDFLAGS = "";
				OTHER_REZFLAGS = "";
				PRODUCT_NAME = ManOpen;
				SECTORDER_FLAGS = "";
				WARNING_CFLAGS = (
					"-Wmost",
					"-Wno-four-char-constants",
					"-Wno-unknown-pragmas",
				);
				WRAPPER_EXTENSION = app;
			};
			name = Deployment;
		};
		F4F38FED0E26AAF2006DDFA8 /* Default */ = {
			isa = XCBuildConfiguration;
			buildSettings = {
				FRAMEWORK_SEARCH_PATHS = "";
				HEADER_SEARCH_PATHS = "";
				INSTALL_PATH = "$(HOME)/Apps";
				LIBRARY_SEARCH_PATHS = "";
				OTHER_CFLAGS = "";
				OTHER_LDFLAGS = "";
				OTHER_REZFLAGS = "";
				PRODUCT_NAME = ManOpen;
				SECTORDER_FLAGS = "";
				WARNING_CFLAGS = (
					"-Wmost",
					"-Wno-four-char-constants",
					"-Wno-unknown-pragmas",
				);
				WRAPPER_EXTENSION = app;
			};
			name = Default;
		};
		F4F38FEE0E26AAF2006DDFA8 /* Development */ = {
			isa = XCBuildConfiguration;
			buildSettings = {
				COPY_PHASE_STRIP = NO;
				FRAMEWORK_SEARCH_PATHS = "";
				HEADER_SEARCH_PATHS = "";
				LIBRARY_SEARCH_PATHS = "";
				OTHER_CFLAGS = "";
				OTHER_LDFLAGS = "";
				OTHER_REZFLAGS = "";
				PRODUCT_NAME = cat2rtf;
				REZ_EXECUTABLE = YES;
				SECTORDER_FLAGS = "";
				WARNING_CFLAGS = (
					"-Wmost",
					"-Wno-four-char-constants",
					"-Wno-unknown-pragmas",
				);
			};
			name = Development;
		};
		F4F38FEF0E26AAF2006DDFA8 /* Deployment */ = {
			isa = XCBuildConfiguration;
			buildSettings = {
				COPY_PHASE_STRIP = YES;
				FRAMEWORK_SEARCH_PATHS = "";
				HEADER_SEARCH_PATHS = "";
				LIBRARY_SEARCH_PATHS = "";
				OTHER_CFLAGS = "";
				OTHER_LDFLAGS = "";
				OTHER_REZFLAGS = "";
				PRODUCT_NAME = cat2rtf;
				REZ_EXECUTABLE = YES;
				SECTORDER_FLAGS = "";
				WARNING_CFLAGS = (
					"-Wmost",
					"-Wno-four-char-constants",
					"-Wno-unknown-pragmas",
				);
			};
			name = Deployment;
		};
		F4F38FF00E26AAF2006DDFA8 /* Default */ = {
			isa = XCBuildConfiguration;
			buildSettings = {
				FRAMEWORK_SEARCH_PATHS = "";
				HEADER_SEARCH_PATHS = "";
				LIBRARY_SEARCH_PATHS = "";
				OTHER_CFLAGS = "";
				OTHER_LDFLAGS = "";
				OTHER_REZFLAGS = "";
				PRODUCT_NAME = cat2rtf;
				REZ_EXECUTABLE = YES;
				SECTORDER_FLAGS = "";
				WARNING_CFLAGS = (
					"-Wmost",
					"-Wno-four-char-constants",
					"-Wno-unknown-pragmas",
				);
			};
			name = Default;
		};
		F4F38FF10E26AAF2006DDFA8 /* Development */ = {
			isa = XCBuildConfiguration;
			buildSettings = {
				COPY_PHASE_STRIP = NO;
				FRAMEWORK_SEARCH_PATHS = "";
				HEADER_SEARCH_PATHS = "";
				LIBRARY_SEARCH_PATHS = "";
				OTHER_CFLAGS = "";
				OTHER_LDFLAGS = "";
				OTHER_REZFLAGS = "";
				PRODUCT_NAME = cat2html;
				REZ_EXECUTABLE = YES;
				SECTORDER_FLAGS = "";
				WARNING_CFLAGS = (
					"-Wmost",
					"-Wno-four-char-constants",
					"-Wno-unknown-pragmas",
				);
			};
			name = Development;
		};
		F4F38FF20E26AAF2006DDFA8 /* Deployment */ = {
			isa = XCBuildConfiguration;
			buildSettings = {
				COPY_PHASE_STRIP = YES;
				FRAMEWORK_SEARCH_PATHS = "";
				HEADER_SEARCH_PATHS = "";
				LIBRARY_SEARCH_PATHS = "";
				OTHER_CFLAGS = "";
				OTHER_LDFLAGS = "";
				OTHER_REZFLAGS = "";
				PRODUCT_NAME = cat2html;
				REZ_EXECUTABLE = YES;
				SECTORDER_FLAGS = "";
				WARNING_CFLAGS = (
					"-Wmost",
					"-Wno-four-char-constants",
					"-Wno-unknown-pragmas",
				);
			};
			name = Deployment;
		};
		F4F38FF30E26AAF2006DDFA8 /* Default */ = {
			isa = XCBuildConfiguration;
			buildSettings = {
				FRAMEWORK_SEARCH_PATHS = "";
				HEADER_SEARCH_PATHS = "";
				LIBRARY_SEARCH_PATHS = "";
				OTHER_CFLAGS = "";
				OTHER_LDFLAGS = "";
				OTHER_REZFLAGS = "";
				PRODUCT_NAME = cat2html;
				REZ_EXECUTABLE = YES;
				SECTORDER_FLAGS = "";
				WARNING_CFLAGS = (
					"-Wmost",
					"-Wno-four-char-constants",
					"-Wno-unknown-pragmas",
				);
			};
			name = Default;
		};
/* End XCBuildConfiguration section */

/* Begin XCConfigurationList section */
		F4F38FF70E26AAF2006DDFA8 /* Build configuration list for PBXProject "ManOpen" */ = {
			isa = XCConfigurationList;
			buildConfigurations = (
				F4F38FE50E26AAF2006DDFA8 /* Development */,
				F4F38FE60E26AAF2006DDFA8 /* Deployment */,
				F4F38FE70E26AAF2006DDFA8 /* Default */,
			);
			defaultConfigurationIsVisible = 0;
			defaultConfigurationName = Default;
		};
		F4F38FF80E26AAF2006DDFA8 /* Build configuration list for PBXToolTarget "cat2rtf (Tool)" */ = {
			isa = XCConfigurationList;
			buildConfigurations = (
				F4F38FEE0E26AAF2006DDFA8 /* Development */,
				F4F38FEF0E26AAF2006DDFA8 /* Deployment */,
				F4F38FF00E26AAF2006DDFA8 /* Default */,
			);
			defaultConfigurationIsVisible = 0;
			defaultConfigurationName = Default;
		};
		F4F38FF90E26AAF2006DDFA8 /* Build configuration list for PBXToolTarget "cat2html (Tool)" */ = {
			isa = XCConfigurationList;
			buildConfigurations = (
				F4F38FF10E26AAF2006DDFA8 /* Development */,
				F4F38FF20E26AAF2006DDFA8 /* Deployment */,
				F4F38FF30E26AAF2006DDFA8 /* Default */,
			);
			defaultConfigurationIsVisible = 0;
			defaultConfigurationName = Default;
		};
		F4F38FFA0E26AAF2006DDFA8 /* Build configuration list for PBXApplicationTarget "ManOpen (Application)" */ = {
			isa = XCConfigurationList;
			buildConfigurations = (
				F4F38FEB0E26AAF2006DDFA8 /* Development */,
				F4F38FEC0E26AAF2006DDFA8 /* Deployment */,
				F4F38FED0E26AAF2006DDFA8 /* Default */,
			);
			defaultConfigurationIsVisible = 0;
			defaultConfigurationName = Default;
		};
		F4F38FFC0E26AAF2006DDFA8 /* Build configuration list for PBXAggregateTarget "ManOpen (Aggregate)" */ = {
			isa = XCConfigurationList;
			buildConfigurations = (
				F4F38FE80E26AAF2006DDFA8 /* Development */,
				F4F38FE90E26AAF2006DDFA8 /* Deployment */,
				F4F38FEA0E26AAF2006DDFA8 /* Default */,
			);
			defaultConfigurationIsVisible = 0;
			defaultConfigurationName = Default;
		};
/* End XCConfigurationList section */
	};
	rootObject = D39279890821FFA400376676 /* Project object */;
}
